
Microsoft Visual Studio Solution File, Format Version 12.00
# Visual Studio Version 17
VisualStudioVersion = 17.0.31903.59
MinimumVisualStudioVersion = 10.0.40219.1
Project("{FAE04EC0-301F-11D3-BF4B-00C04F79EFBC}") = "Circustrain", "Circustrain\Circustrain.csproj", "{F991B029-96CA-4CD5-8A39-7F65AAB63699}"
EndProject
Project("{FAE04EC0-301F-11D3-BF4B-00C04F79EFBC}") = "Circustrain.Tests", "Circustrain.Tests\Circustrain.Tests.csproj", "{53F4A2A3-BAAA-4E63-941F-AB6849B1EAFC}"
EndProject
Global
	GlobalSection(SolutionConfigurationPlatforms) = preSolution
		Debug|Any CPU = Debug|Any CPU
		Release|Any CPU = Release|Any CPU
	EndGlobalSection
	GlobalSection(SolutionProperties) = preSolution
		HideSolutionNode = FALSE
	EndGlobalSection
	GlobalSection(ProjectConfigurationPlatforms) = postSolution
		{F991B029-96CA-4CD5-8A39-7F65AAB63699}.Debug|Any CPU.ActiveCfg = Debug|Any CPU
		{F991B029-96CA-4CD5-8A39-7F65AAB63699}.Debug|Any CPU.Build.0 = Debug|Any CPU
		{F991B029-96CA-4CD5-8A39-7F65AAB63699}.Release|Any CPU.ActiveCfg = Release|Any CPU
		{F991B029-96CA-4CD5-8A39-7F65AAB63699}.Release|Any CPU.Build.0 = Release|Any CPU
		{53F4A2A3-BAAA-4E63-941F-AB6849B1EAFC}.Debug|Any CPU.ActiveCfg = Debug|Any CPU
		{53F4A2A3-BAAA-4E63-941F-AB6849B1EAFC}.Debug|Any CPU.Build.0 = Debug|Any CPU
		{53F4A2A3-BAAA-4E63-941F-AB6849B1EAFC}.Release|Any CPU.ActiveCfg = Release|Any CPU
		{53F4A2A3-BAAA-4E63-941F-AB6849B1EAFC}.Release|Any CPU.Build.0 = Release|Any CPU
	EndGlobalSection
EndGlobal
